// !$*UTF8*$!
{
	archiveVersion = 1;
	classes = {
	};
	objectVersion = 46;
	objects = {

/* Begin PBXBuildFile section */
		C971B5F91B4ED37D00CDE615 /* AppDelegate.swift in Sources */ = {isa = PBXBuildFile; fileRef = C971B5F81B4ED37D00CDE615 /* AppDelegate.swift */; };
		C971B5FB1B4ED37D00CDE615 /* ViewController.swift in Sources */ = {isa = PBXBuildFile; fileRef = C971B5FA1B4ED37D00CDE615 /* ViewController.swift */; };
		C971B5FE1B4ED37D00CDE615 /* Main.storyboard in Resources */ = {isa = PBXBuildFile; fileRef = C971B5FC1B4ED37D00CDE615 /* Main.storyboard */; };
		C971B6001B4ED37D00CDE615 /* Images.xcassets in Resources */ = {isa = PBXBuildFile; fileRef = C971B5FF1B4ED37D00CDE615 /* Images.xcassets */; };
		C971B6031B4ED37D00CDE615 /* LaunchScreen.xib in Resources */ = {isa = PBXBuildFile; fileRef = C971B6011B4ED37D00CDE615 /* LaunchScreen.xib */; };
		C971B60F1B4ED37D00CDE615 /* DrinkAppTests.swift in Sources */ = {isa = PBXBuildFile; fileRef = C971B60E1B4ED37D00CDE615 /* DrinkAppTests.swift */; };
/* End PBXBuildFile section */

/* Begin PBXContainerItemProxy section */
		C971B6091B4ED37D00CDE615 /* PBXContainerItemProxy */ = {
			isa = PBXContainerItemProxy;
			containerPortal = C971B5EB1B4ED37D00CDE615 /* Project object */;
			proxyType = 1;
			remoteGlobalIDString = C971B5F21B4ED37D00CDE615;
			remoteInfo = DrinkApp;
		};
/* End PBXContainerItemProxy section */

/* Begin PBXFileReference section */
		C971B5F31B4ED37D00CDE615 /* DrinkApp.app */ = {isa = PBXFileReference; explicitFileType = wrapper.application; includeInIndex = 0; path = DrinkApp.app; sourceTree = BUILT_PRODUCTS_DIR; };
		C971B5F71B4ED37D00CDE615 /* Info.plist */ = {isa = PBXFileReference; lastKnownFileType = text.plist.xml; path = Info.plist; sourceTree = "<group>"; };
		C971B5F81B4ED37D00CDE615 /* AppDelegate.swift */ = {isa = PBXFileReference; lastKnownFileType = sourcecode.swift; path = AppDelegate.swift; sourceTree = "<group>"; };
		C971B5FA1B4ED37D00CDE615 /* ViewController.swift */ = {isa = PBXFileReference; lastKnownFileType = sourcecode.swift; path = ViewController.swift; sourceTree = "<group>"; };
		C971B5FD1B4ED37D00CDE615 /* Base */ = {isa = PBXFileReference; lastKnownFileType = file.storyboard; name = Base; path = Base.lproj/Main.storyboard; sourceTree = "<group>"; };
		C971B5FF1B4ED37D00CDE615 /* Images.xcassets */ = {isa = PBXFileReference; lastKnownFileType = folder.assetcatalog; path = Images.xcassets; sourceTree = "<group>"; };
		C971B6021B4ED37D00CDE615 /* Base */ = {isa = PBXFileReference; lastKnownFileType = file.xib; name = Base; path = Base.lproj/LaunchScreen.xib; sourceTree = "<group>"; };
		C971B6081B4ED37D00CDE615 /* DrinkAppTests.xctest */ = {isa = PBXFileReference; explicitFileType = wrapper.cfbundle; includeInIndex = 0; path = DrinkAppTests.xctest; sourceTree = BUILT_PRODUCTS_DIR; };
		C971B60D1B4ED37D00CDE615 /* Info.plist */ = {isa = PBXFileReference; lastKnownFileType = text.plist.xml; path = Info.plist; sourceTree = "<group>"; };
		C971B60E1B4ED37D00CDE615 /* DrinkAppTests.swift */ = {isa = PBXFileReference; lastKnownFileType = sourcecode.swift; path = DrinkAppTests.swift; sourceTree = "<group>"; };
/* End PBXFileReference section */

/* Begin PBXFrameworksBuildPhase section */
		C971B5F01B4ED37D00CDE615 /* Frameworks */ = {
			isa = PBXFrameworksBuildPhase;
			buildActionMask = 2147483647;
			files = (
			);
			runOnlyForDeploymentPostprocessing = 0;
		};
		C971B6051B4ED37D00CDE615 /* Frameworks */ = {
			isa = PBXFrameworksBuildPhase;
			buildActionMask = 2147483647;
			files = (
			);
			runOnlyForDeploymentPostprocessing = 0;
		};
/* End PBXFrameworksBuildPhase section */

/* Begin PBXGroup section */
		C971B5EA1B4ED37D00CDE615 = {
			isa = PBXGroup;
			children = (
				C971B5F51B4ED37D00CDE615 /* DrinkApp */,
				C971B60B1B4ED37D00CDE615 /* DrinkAppTests */,
				C971B5F41B4ED37D00CDE615 /* Products */,
			);
			sourceTree = "<group>";
		};
		C971B5F41B4ED37D00CDE615 /* Products */ = {
			isa = PBXGroup;
			children = (
				C971B5F31B4ED37D00CDE615 /* DrinkApp.app */,
				C971B6081B4ED37D00CDE615 /* DrinkAppTests.xctest */,
			);
			name = Products;
			sourceTree = "<group>";
		};
		C971B5F51B4ED37D00CDE615 /* DrinkApp */ = {
			isa = PBXGroup;
			children = (
				C971B5F81B4ED37D00CDE615 /* AppDelegate.swift */,
				C971B5FA1B4ED37D00CDE615 /* ViewController.swift */,
				C971B5FC1B4ED37D00CDE615 /* Main.storyboard */,
				C971B5FF1B4ED37D00CDE615 /* Images.xcassets */,
				C971B6011B4ED37D00CDE615 /* LaunchScreen.xib */,
				C971B5F61B4ED37D00CDE615 /* Supporting Files */,
			);
			path = DrinkApp;
			sourceTree = "<group>";
		};
		C971B5F61B4ED37D00CDE615 /* Supporting Files */ = {
			isa = PBXGroup;
			children = (
				C971B5F71B4ED37D00CDE615 /* Info.plist */,
			);
			name = "Supporting Files";
			sourceTree = "<group>";
		};
		C971B60B1B4ED37D00CDE615 /* DrinkAppTests */ = {
			isa = PBXGroup;
			children = (
				C971B60E1B4ED37D00CDE615 /* DrinkAppTests.swift */,
				C971B60C1B4ED37D00CDE615 /* Supporting Files */,
			);
			path = DrinkAppTests;
			sourceTree = "<group>";
		};
		C971B60C1B4ED37D00CDE615 /* Supporting Files */ = {
			isa = PBXGroup;
			children = (
				C971B60D1B4ED37D00CDE615 /* Info.plist */,
			);
			name = "Supporting Files";
			sourceTree = "<group>";
		};
/* End PBXGroup section */

/* Begin PBXNativeTarget section */
		C971B5F21B4ED37D00CDE615 /* DrinkApp */ = {
			isa = PBXNativeTarget;
			buildConfigurationList = C971B6121B4ED37D00CDE615 /* Build configuration list for PBXNativeTarget "DrinkApp" */;
			buildPhases = (
				C971B5EF1B4ED37D00CDE615 /* Sources */,
				C971B5F01B4ED37D00CDE615 /* Frameworks */,
				C971B5F11B4ED37D00CDE615 /* Resources */,
			);
			buildRules = (
			);
			dependencies = (
			);
			name = DrinkApp;
			productName = DrinkApp;
			productReference = C971B5F31B4ED37D00CDE615 /* DrinkApp.app */;
			productType = "com.apple.product-type.application";
		};
		C971B6071B4ED37D00CDE615 /* DrinkAppTests */ = {
			isa = PBXNativeTarget;
			buildConfigurationList = C971B6151B4ED37D00CDE615 /* Build configuration list for PBXNativeTarget "DrinkAppTests" */;
			buildPhases = (
				C971B6041B4ED37D00CDE615 /* Sources */,
				C971B6051B4ED37D00CDE615 /* Frameworks */,
				C971B6061B4ED37D00CDE615 /* Resources */,
			);
			buildRules = (
			);
			dependencies = (
				C971B60A1B4ED37D00CDE615 /* PBXTargetDependency */,
			);
			name = DrinkAppTests;
			productName = DrinkAppTests;
			productReference = C971B6081B4ED37D00CDE615 /* DrinkAppTests.xctest */;
			productType = "com.apple.product-type.bundle.unit-test";
		};
/* End PBXNativeTarget section */

/* Begin PBXProject section */
		C971B5EB1B4ED37D00CDE615 /* Project object */ = {
			isa = PBXProject;
			attributes = {
				LastUpgradeCheck = 0630;
				ORGANIZATIONNAME = Razorfish;
				TargetAttributes = {
					C971B5F21B4ED37D00CDE615 = {
						CreatedOnToolsVersion = 6.3.2;
					};
					C971B6071B4ED37D00CDE615 = {
						CreatedOnToolsVersion = 6.3.2;
						TestTargetID = C971B5F21B4ED37D00CDE615;
					};
				};
			};
			buildConfigurationList = C971B5EE1B4ED37D00CDE615 /* Build configuration list for PBXProject "DrinkApp" */;
			compatibilityVersion = "Xcode 3.2";
			developmentRegion = English;
			hasScannedForEncodings = 0;
			knownRegions = (
				en,
				Base,
			);
			mainGroup = C971B5EA1B4ED37D00CDE615;
			productRefGroup = C971B5F41B4ED37D00CDE615 /* Products */;
			projectDirPath = "";
			projectRoot = "";
			targets = (
				C971B5F21B4ED37D00CDE615 /* DrinkApp */,
				C971B6071B4ED37D00CDE615 /* DrinkAppTests */,
			);
		};
/* End PBXProject section */

/* Begin PBXResourcesBuildPhase section */
		C971B5F11B4ED37D00CDE615 /* Resources */ = {
			isa = PBXResourcesBuildPhase;
			buildActionMask = 2147483647;
			files = (
				C971B5FE1B4ED37D00CDE615 /* Main.storyboard in Resources */,
				C971B6031B4ED37D00CDE615 /* LaunchScreen.xib in Resources */,
				C971B6001B4ED37D00CDE615 /* Images.xcassets in Resources */,
			);
			runOnlyForDeploymentPostprocessing = 0;
		};
		C971B6061B4ED37D00CDE615 /* Resources */ = {
			isa = PBXResourcesBuildPhase;
			buildActionMask = 2147483647;
			files = (
			);
			runOnlyForDeploymentPostprocessing = 0;
		};
/* End PBXResourcesBuildPhase section */

/* Begin PBXSourcesBuildPhase section */
		C971B5EF1B4ED37D00CDE615 /* Sources */ = {
			isa = PBXSourcesBuildPhase;
			buildActionMask = 2147483647;
			files = (
				C971B5FB1B4ED37D00CDE615 /* ViewController.swift in Sources */,
				C971B5F91B4ED37D00CDE615 /* AppDelegate.swift in Sources */,
			);
			runOnlyForDeploymentPostprocessing = 0;
		};
		C971B6041B4ED37D00CDE615 /* Sources */ = {
			isa = PBXSourcesBuildPhase;
			buildActionMask = 2147483647;
			files = (
				C971B60F1B4ED37D00CDE615 /* DrinkAppTests.swift in Sources */,
			);
			runOnlyForDeploymentPostprocessing = 0;
		};
/* End PBXSourcesBuildPhase section */

/* Begin PBXTargetDependency section */
		C971B60A1B4ED37D00CDE615 /* PBXTargetDependency */ = {
			isa = PBXTargetDependency;
			target = C971B5F21B4ED37D00CDE615 /* DrinkApp */;
			targetProxy = C971B6091B4ED37D00CDE615 /* PBXContainerItemProxy */;
		};
/* End PBXTargetDependency section */

/* Begin PBXVariantGroup section */
		C971B5FC1B4ED37D00CDE615 /* Main.storyboard */ = {
			isa = PBXVariantGroup;
			children = (
				C971B5FD1B4ED37D00CDE615 /* Base */,
			);
			name = Main.storyboard;
			sourceTree = "<group>";
		};
		C971B6011B4ED37D00CDE615 /* LaunchScreen.xib */ = {
			isa = PBXVariantGroup;
			children = (
				C971B6021B4ED37D00CDE615 /* Base */,
			);
			name = LaunchScreen.xib;
			sourceTree = "<group>";
		};
/* End PBXVariantGroup section */

/* Begin XCBuildConfiguration section */
		C971B6101B4ED37D00CDE615 /* Debug */ = {
			isa = XCBuildConfiguration;
			buildSettings = {
				ALWAYS_SEARCH_USER_PATHS = NO;
				CLANG_CXX_LANGUAGE_STANDARD = "gnu++0x";
				CLANG_CXX_LIBRARY = "libc++";
				CLANG_ENABLE_MODULES = YES;
				CLANG_ENABLE_OBJC_ARC = YES;
				CLANG_WARN_BOOL_CONVERSION = YES;
				CLANG_WARN_CONSTANT_CONVERSION = YES;
				CLANG_WARN_DIRECT_OBJC_ISA_USAGE = YES_ERROR;
				CLANG_WARN_EMPTY_BODY = YES;
				CLANG_WARN_ENUM_CONVERSION = YES;
				CLANG_WARN_INT_CONVERSION = YES;
				CLANG_WARN_OBJC_ROOT_CLASS = YES_ERROR;
				CLANG_WARN_UNREACHABLE_CODE = YES;
				CLANG_WARN__DUPLICATE_METHOD_MATCH = YES;
				"CODE_SIGN_IDENTITY[sdk=iphoneos*]" = "iPhone Developer";
				COPY_PHASE_STRIP = NO;
				DEBUG_INFORMATION_FORMAT = "dwarf-with-dsym";
				ENABLE_STRICT_OBJC_MSGSEND = YES;
				GCC_C_LANGUAGE_STANDARD = gnu99;
				GCC_DYNAMIC_NO_PIC = NO;
				GCC_NO_COMMON_BLOCKS = YES;
				GCC_OPTIMIZATION_LEVEL = 0;
				GCC_PREPROCESSOR_DEFINITIONS = (
					"DEBUG=1",
					"$(inherited)",
				);
				GCC_SYMBOLS_PRIVATE_EXTERN = NO;
				GCC_WARN_64_TO_32_BIT_CONVERSION = YES;
				GCC_WARN_ABOUT_RETURN_TYPE = YES_ERROR;
				GCC_WARN_UNDECLARED_SELECTOR = YES;
				GCC_WARN_UNINITIALIZED_AUTOS = YES_AGGRESSIVE;
				GCC_WARN_UNUSED_FUNCTION = YES;
				GCC_WARN_UNUSED_VARIABLE = YES;
				IPHONEOS_DEPLOYMENT_TARGET = 8.3;
				MTL_ENABLE_DEBUG_INFO = YES;
				ONLY_ACTIVE_ARCH = YES;
				SDKROOT = iphoneos;
				SWIFT_OPTIMIZATION_LEVEL = "-Onone";
			};
			name = Debug;
		};
		C971B6111B4ED37D00CDE615 /* Release */ = {
			isa = XCBuildConfiguration;
			buildSettings = {
				ALWAYS_SEARCH_USER_PATHS = NO;
				CLANG_CXX_LANGUAGE_STANDARD = "gnu++0x";
				CLANG_CXX_LIBRARY = "libc++";
				CLANG_ENABLE_MODULES = YES;
				CLANG_ENABLE_OBJC_ARC = YES;
				CLANG_WARN_BOOL_CONVERSION = YES;
				CLANG_WARN_CONSTANT_CONVERSION = YES;
				CLANG_WARN_DIRECT_OBJC_ISA_USAGE = YES_ERROR;
				CLANG_WARN_EMPTY_BODY = YES;
				CLANG_WARN_ENUM_CONVERSION = YES;
				CLANG_WARN_INT_CONVERSION = YES;
				CLANG_WARN_OBJC_ROOT_CLASS = YES_ERROR;
				CLANG_WARN_UNREACHABLE_CODE = YES;
				CLANG_WARN__DUPLICATE_METHOD_MATCH = YES;
				"CODE_SIGN_IDENTITY[sdk=iphoneos*]" = "iPhone Developer";
				COPY_PHASE_STRIP = NO;
				DEBUG_INFORMATION_FORMAT = "dwarf-with-dsym";
				ENABLE_NS_ASSERTIONS = NO;
				ENABLE_STRICT_OBJC_MSGSEND = YES;
				GCC_C_LANGUAGE_STANDARD = gnu99;
				GCC_NO_COMMON_BLOCKS = YES;
				GCC_WARN_64_TO_32_BIT_CONVERSION = YES;
				GCC_WARN_ABOUT_RETURN_TYPE = YES_ERROR;
				GCC_WARN_UNDECLARED_SELECTOR = YES;
				GCC_WARN_UNINITIALIZED_AUTOS = YES_AGGRESSIVE;
				GCC_WARN_UNUSED_FUNCTION = YES;
				GCC_WARN_UNUSED_VARIABLE = YES;
				IPHONEOS_DEPLOYMENT_TARGET = 8.3;
				MTL_ENABLE_DEBUG_INFO = NO;
				SDKROOT = iphoneos;
				VALIDATE_PRODUCT = YES;
			};
			name = Release;
		};
		C971B6131B4ED37D00CDE615 /* Debug */ = {
			isa = XCBuildConfiguration;
			buildSettings = {
				ASSETCATALOG_COMPILER_APPICON_NAME = AppIcon;
				INFOPLIST_FILE = DrinkApp/Info.plist;
				LD_RUNPATH_SEARCH_PATHS = "$(inherited) @executable_path/Frameworks";
				PRODUCT_NAME = "$(TARGET_NAME)";
			};
			name = Debug;
		};
		C971B6141B4ED37D00CDE615 /* Release */ = {
			isa = XCBuildConfiguration;
			buildSettings = {
				ASSETCATALOG_COMPILER_APPICON_NAME = AppIcon;
				INFOPLIST_FILE = DrinkApp/Info.plist;
				LD_RUNPATH_SEARCH_PATHS = "$(inherited) @executable_path/Frameworks";
				PRODUCT_NAME = "$(TARGET_NAME)";
			};
			name = Release;
		};
		C971B6161B4ED37D00CDE615 /* Debug */ = {
			isa = XCBuildConfiguration;
			buildSettings = {
				BUNDLE_LOADER = "$(TEST_HOST)";
				FRAMEWORK_SEARCH_PATHS = (
					"$(SDKROOT)/Developer/Library/Frameworks",
					"$(inherited)",
				);
				GCC_PREPROCESSOR_DEFINITIONS = (
					"DEBUG=1",
					"$(inherited)",
				);
				INFOPLIST_FILE = DrinkAppTests/Info.plist;
				LD_RUNPATH_SEARCH_PATHS = "$(inherited) @executable_path/Frameworks @loader_path/Frameworks";
				PRODUCT_NAME = "$(TARGET_NAME)";
				TEST_HOST = "$(BUILT_PRODUCTS_DIR)/DrinkApp.app/DrinkApp";
			};
			name = Debug;
		};
		C971B6171B4ED37D00CDE615 /* Release */ = {
			isa = XCBuildConfiguration;
			buildSettings = {
				BUNDLE_LOADER = "$(TEST_HOST)";
				FRAMEWORK_SEARCH_PATHS = (
					"$(SDKROOT)/Developer/Library/Frameworks",
					"$(inherited)",
				);
				INFOPLIST_FILE = DrinkAppTests/Info.plist;
				LD_RUNPATH_SEARCH_PATHS = "$(inherited) @executable_path/Frameworks @loader_path/Frameworks";
				PRODUCT_NAME = "$(TARGET_NAME)";
				TEST_HOST = "$(BUILT_PRODUCTS_DIR)/DrinkApp.app/DrinkApp";
			};
			name = Release;
		};
/* End XCBuildConfiguration section */

/* Begin XCConfigurationList section */
		C971B5EE1B4ED37D00CDE615 /* Build configuration list for PBXProject "DrinkApp" */ = {
			isa = XCConfigurationList;
			buildConfigurations = (
				C971B6101B4ED37D00CDE615 /* Debug */,
				C971B6111B4ED37D00CDE615 /* Release */,
			);
			defaultConfigurationIsVisible = 0;
			defaultConfigurationName = Release;
		};
		C971B6121B4ED37D00CDE615 /* Build configuration list for PBXNativeTarget "DrinkApp" */ = {
			isa = XCConfigurationList;
			buildConfigurations = (
				C971B6131B4ED37D00CDE615 /* Debug */,
				C971B6141B4ED37D00CDE615 /* Release */,
			);
			defaultConfigurationIsVisible = 0;
		};
		C971B6151B4ED37D00CDE615 /* Build configuration list for PBXNativeTarget "DrinkAppTests" */ = {
			isa = XCConfigurationList;
			buildConfigurations = (
				C971B6161B4ED37D00CDE615 /* Debug */,
				C971B6171B4ED37D00CDE615 /* Release */,
			);
			defaultConfigurationIsVisible = 0;
		};
/* End XCConfigurationList section */
	};
	rootObject = C971B5EB1B4ED37D00CDE615 /* Project object */;
}
